
Microsoft Visual Studio Solution File, Format Version 12.00
# Visual Studio Version 17
VisualStudioVersion = 17.4.33110.190
MinimumVisualStudioVersion = 10.0.40219.1
Project("{FAE04EC0-301F-11D3-BF4B-00C04F79EFBC}") = "DBarczak_WebAPI", "DBarczak_WebAPI\DBarczak_WebAPI.csproj", "{3ADEEF81-C6B9-46B1-8C0C-C5AB0AC2294C}"
EndProject
Project("{FAE04EC0-301F-11D3-BF4B-00C04F79EFBC}") = "Model", "Model\Model.csproj", "{EACAA948-626B-431A-8C3F-54D531BF1310}"
EndProject
Project("{FAE04EC0-301F-11D3-BF4B-00C04F79EFBC}") = "DAL", "DAL\DAL.csproj", "{9B4CEF35-EC14-4848-9270-E289EEA4E317}"
EndProject
Global
	GlobalSection(SolutionConfigurationPlatforms) = preSolution
		Debug|Any CPU = Debug|Any CPU
		Release|Any CPU = Release|Any CPU
	EndGlobalSection
	GlobalSection(ProjectConfigurationPlatforms) = postSolution
		{3ADEEF81-C6B9-46B1-8C0C-C5AB0AC2294C}.Debug|Any CPU.ActiveCfg = Debug|Any CPU
		{3ADEEF81-C6B9-46B1-8C0C-C5AB0AC2294C}.Debug|Any CPU.Build.0 = Debug|Any CPU
		{3ADEEF81-C6B9-46B1-8C0C-C5AB0AC2294C}.Release|Any CPU.ActiveCfg = Release|Any CPU
		{3ADEEF81-C6B9-46B1-8C0C-C5AB0AC2294C}.Release|Any CPU.Build.0 = Release|Any CPU
		{EACAA948-626B-431A-8C3F-54D531BF1310}.Debug|Any CPU.ActiveCfg = Debug|Any CPU
		{EACAA948-626B-431A-8C3F-54D531BF1310}.Debug|Any CPU.Build.0 = Debug|Any CPU
		{EACAA948-626B-431A-8C3F-54D531BF1310}.Release|Any CPU.ActiveCfg = Release|Any CPU
		{EACAA948-626B-431A-8C3F-54D531BF1310}.Release|Any CPU.Build.0 = Release|Any CPU
		{9B4CEF35-EC14-4848-9270-E289EEA4E317}.Debug|Any CPU.ActiveCfg = Debug|Any CPU
		{9B4CEF35-EC14-4848-9270-E289EEA4E317}.Debug|Any CPU.Build.0 = Debug|Any CPU
		{9B4CEF35-EC14-4848-9270-E289EEA4E317}.Release|Any CPU.ActiveCfg = Release|Any CPU
		{9B4CEF35-EC14-4848-9270-E289EEA4E317}.Release|Any CPU.Build.0 = Release|Any CPU
	EndGlobalSection
	GlobalSection(SolutionProperties) = preSolution
		HideSolutionNode = FALSE
	EndGlobalSection
	GlobalSection(ExtensibilityGlobals) = postSolution
		SolutionGuid = {D2B994AA-494A-4B39-B864-9B9E98B252B8}
	EndGlobalSection
EndGlobal
