
Microsoft Visual Studio Solution File, Format Version 12.00
# Visual Studio Version 17
VisualStudioVersion = 17.4.33110.190
MinimumVisualStudioVersion = 10.0.40219.1
Project("{9A19103F-16F7-4668-BE54-9A1E7A4F7556}") = "DBarczak_WebAPI", "DBarczak_Taiib\DBarczak_WebAPI.csproj", "{9526697E-2995-457F-A552-9362BEB86694}"
EndProject
Project("{9A19103F-16F7-4668-BE54-9A1E7A4F7556}") = "Model", "Model\Model.csproj", "{68CEE609-E74E-463E-A6A7-DCC6B7D3D208}"
EndProject
Project("{9A19103F-16F7-4668-BE54-9A1E7A4F7556}") = "DAL", "DAL\DAL.csproj", "{EDA963D8-71CA-49A1-B93C-E853717E4194}"
EndProject
Project("{9A19103F-16F7-4668-BE54-9A1E7A4F7556}") = "BLL", "BLL\BLL.csproj", "{3FFC5FA9-23B0-4D2C-8660-2514D1F7978A}"
EndProject
Project("{9A19103F-16F7-4668-BE54-9A1E7A4F7556}") = "BLL_EF", "BLL_EF\BLL_EF.csproj", "{D4245747-37C4-4E53-85B1-B25EDF9145FB}"
EndProject
Global
	GlobalSection(SolutionConfigurationPlatforms) = preSolution
		Debug|Any CPU = Debug|Any CPU
		Release|Any CPU = Release|Any CPU
	EndGlobalSection
	GlobalSection(ProjectConfigurationPlatforms) = postSolution
		{9526697E-2995-457F-A552-9362BEB86694}.Debug|Any CPU.ActiveCfg = Debug|Any CPU
		{9526697E-2995-457F-A552-9362BEB86694}.Debug|Any CPU.Build.0 = Debug|Any CPU
		{9526697E-2995-457F-A552-9362BEB86694}.Release|Any CPU.ActiveCfg = Release|Any CPU
		{9526697E-2995-457F-A552-9362BEB86694}.Release|Any CPU.Build.0 = Release|Any CPU
		{68CEE609-E74E-463E-A6A7-DCC6B7D3D208}.Debug|Any CPU.ActiveCfg = Debug|Any CPU
		{68CEE609-E74E-463E-A6A7-DCC6B7D3D208}.Debug|Any CPU.Build.0 = Debug|Any CPU
		{68CEE609-E74E-463E-A6A7-DCC6B7D3D208}.Release|Any CPU.ActiveCfg = Release|Any CPU
		{68CEE609-E74E-463E-A6A7-DCC6B7D3D208}.Release|Any CPU.Build.0 = Release|Any CPU
		{EDA963D8-71CA-49A1-B93C-E853717E4194}.Debug|Any CPU.ActiveCfg = Debug|Any CPU
		{EDA963D8-71CA-49A1-B93C-E853717E4194}.Debug|Any CPU.Build.0 = Debug|Any CPU
		{EDA963D8-71CA-49A1-B93C-E853717E4194}.Release|Any CPU.ActiveCfg = Release|Any CPU
		{EDA963D8-71CA-49A1-B93C-E853717E4194}.Release|Any CPU.Build.0 = Release|Any CPU
		{3FFC5FA9-23B0-4D2C-8660-2514D1F7978A}.Debug|Any CPU.ActiveCfg = Debug|Any CPU
		{3FFC5FA9-23B0-4D2C-8660-2514D1F7978A}.Debug|Any CPU.Build.0 = Debug|Any CPU
		{3FFC5FA9-23B0-4D2C-8660-2514D1F7978A}.Release|Any CPU.ActiveCfg = Release|Any CPU
		{3FFC5FA9-23B0-4D2C-8660-2514D1F7978A}.Release|Any CPU.Build.0 = Release|Any CPU
		{D4245747-37C4-4E53-85B1-B25EDF9145FB}.Debug|Any CPU.ActiveCfg = Debug|Any CPU
		{D4245747-37C4-4E53-85B1-B25EDF9145FB}.Debug|Any CPU.Build.0 = Debug|Any CPU
		{D4245747-37C4-4E53-85B1-B25EDF9145FB}.Release|Any CPU.ActiveCfg = Release|Any CPU
		{D4245747-37C4-4E53-85B1-B25EDF9145FB}.Release|Any CPU.Build.0 = Release|Any CPU
	EndGlobalSection
	GlobalSection(SolutionProperties) = preSolution
		HideSolutionNode = FALSE
	EndGlobalSection
	GlobalSection(ExtensibilityGlobals) = postSolution
		SolutionGuid = {571940B9-7BCC-4F9F-8D3C-8C5137ED3DD1}
	EndGlobalSection
EndGlobal
